
Microsoft Visual Studio Solution File, Format Version 12.00
# Visual Studio Version 16
VisualStudioVersion = 25.0.1700.3
MinimumVisualStudioVersion = 10.0.40219.1
Project("{FAE04EC0-301F-11D3-BF4B-00C04F79EFBC}") = "TaskManger", "TaskManager\TaskManger.csproj", "{5294D198-84AB-47F2-A1A9-5D726BB05D23}"
EndProject
Project("{FAE04EC0-301F-11D3-BF4B-00C04F79EFBC}") = "TaskManagerAPI", "TaskManagerAPI\TaskManagerAPI.csproj", "{CD9E5000-2716-4181-BB13-AD63559FBA60}"
EndProject
Project("{FAE04EC0-301F-11D3-BF4B-00C04F79EFBC}") = "TaskManagerTests", "TaskManagerTests\TaskManagerTests.csproj", "{B6105CF0-BCAC-48BE-8D98-743A651CA9DA}"
EndProject
Project("{FAE04EC0-301F-11D3-BF4B-00C04F79EFBC}") = "TaskManagerLibrary", "TaskManagerLibrary\TaskManagerLibrary.csproj", "{025193F9-C76C-4700-B607-2AECE0C8F55A}"
EndProject
Project("{2150E333-8FDC-42A3-9474-1A3956D46DE8}") = "Solution Items", "Solution Items", "{90E605DA-41CA-4374-A309-F2513B66B4A0}"
EndProject
Global
	GlobalSection(SolutionConfigurationPlatforms) = preSolution
		Debug|Any CPU = Debug|Any CPU
		Release|Any CPU = Release|Any CPU
	EndGlobalSection
	GlobalSection(ProjectConfigurationPlatforms) = postSolution
		{5294D198-84AB-47F2-A1A9-5D726BB05D23}.Debug|Any CPU.ActiveCfg = Debug|Any CPU
		{5294D198-84AB-47F2-A1A9-5D726BB05D23}.Debug|Any CPU.Build.0 = Debug|Any CPU
		{5294D198-84AB-47F2-A1A9-5D726BB05D23}.Release|Any CPU.ActiveCfg = Release|Any CPU
		{5294D198-84AB-47F2-A1A9-5D726BB05D23}.Release|Any CPU.Build.0 = Release|Any CPU
		{CD9E5000-2716-4181-BB13-AD63559FBA60}.Debug|Any CPU.ActiveCfg = Debug|Any CPU
		{CD9E5000-2716-4181-BB13-AD63559FBA60}.Debug|Any CPU.Build.0 = Debug|Any CPU
		{CD9E5000-2716-4181-BB13-AD63559FBA60}.Release|Any CPU.ActiveCfg = Release|Any CPU
		{CD9E5000-2716-4181-BB13-AD63559FBA60}.Release|Any CPU.Build.0 = Release|Any CPU
		{B6105CF0-BCAC-48BE-8D98-743A651CA9DA}.Debug|Any CPU.ActiveCfg = Debug|Any CPU
		{B6105CF0-BCAC-48BE-8D98-743A651CA9DA}.Debug|Any CPU.Build.0 = Debug|Any CPU
		{B6105CF0-BCAC-48BE-8D98-743A651CA9DA}.Release|Any CPU.ActiveCfg = Release|Any CPU
		{B6105CF0-BCAC-48BE-8D98-743A651CA9DA}.Release|Any CPU.Build.0 = Release|Any CPU
		{025193F9-C76C-4700-B607-2AECE0C8F55A}.Debug|Any CPU.ActiveCfg = Debug|Any CPU
		{025193F9-C76C-4700-B607-2AECE0C8F55A}.Debug|Any CPU.Build.0 = Debug|Any CPU
		{025193F9-C76C-4700-B607-2AECE0C8F55A}.Release|Any CPU.ActiveCfg = Release|Any CPU
		{025193F9-C76C-4700-B607-2AECE0C8F55A}.Release|Any CPU.Build.0 = Release|Any CPU
	EndGlobalSection
	GlobalSection(SolutionProperties) = preSolution
		HideSolutionNode = FALSE
	EndGlobalSection
	GlobalSection(ExtensibilityGlobals) = postSolution
		SolutionGuid = {357B59C9-0CC0-4B4A-A7C7-B424FD59C0FE}
	EndGlobalSection
EndGlobal
